
Microsoft Visual Studio Solution File, Format Version 12.00
# Visual Studio 14
VisualStudioVersion = 14.0.25123.0
MinimumVisualStudioVersion = 10.0.40219.1
Project("{FAE04EC0-301F-11D3-BF4B-00C04F79EFBC}") = "Procedural_engines", "Procedural_engines\Procedural_engines.csproj", "{47B780A2-1970-483A-A4C8-E88FDB26364D}"
EndProject
Global
	GlobalSection(SolutionConfigurationPlatforms) = preSolution
		Debug|Any CPU = Debug|Any CPU
		Release|Any CPU = Release|Any CPU
	EndGlobalSection
	GlobalSection(ProjectConfigurationPlatforms) = postSolution
		{47B780A2-1970-483A-A4C8-E88FDB26364D}.Debug|Any CPU.ActiveCfg = Debug|Any CPU
		{47B780A2-1970-483A-A4C8-E88FDB26364D}.Debug|Any CPU.Build.0 = Debug|Any CPU
		{47B780A2-1970-483A-A4C8-E88FDB26364D}.Release|Any CPU.ActiveCfg = Release|Any CPU
		{47B780A2-1970-483A-A4C8-E88FDB26364D}.Release|Any CPU.Build.0 = Release|Any CPU
	EndGlobalSection
	GlobalSection(SolutionProperties) = preSolution
		HideSolutionNode = FALSE
	EndGlobalSection
EndGlobal
